
Microsoft Visual Studio Solution File, Format Version 12.00
# Visual Studio Version 16
VisualStudioVersion = 16.0.31112.23
MinimumVisualStudioVersion = 10.0.40219.1
Project("{9A19103F-16F7-4668-BE54-9A1E7A4F7556}") = "MarsRover.Data", "MarsRover.Data\MarsRover.Data.csproj", "{4F313A1E-0F62-4242-8FFC-7666423BB184}"
EndProject
Project("{9A19103F-16F7-4668-BE54-9A1E7A4F7556}") = "MarsRover.Service", "MarsRover.Service\MarsRover.Service.csproj", "{7C6642C1-34A1-45DC-B18A-863093061980}"
EndProject
Project("{9A19103F-16F7-4668-BE54-9A1E7A4F7556}") = "MarsRover", "MarsRover\MarsRover.csproj", "{4FA813AF-9967-4B4A-BCA4-9A8EAF8C864A}"
EndProject
Project("{FAE04EC0-301F-11D3-BF4B-00C04F79EFBC}") = "MarsRover.Test", "MarsRover.Test\MarsRover.Test.csproj", "{5010705B-C20C-4704-9A48-DEAC3CE5E32D}"
EndProject
Global
	GlobalSection(SolutionConfigurationPlatforms) = preSolution
		Debug|Any CPU = Debug|Any CPU
		Release|Any CPU = Release|Any CPU
	EndGlobalSection
	GlobalSection(ProjectConfigurationPlatforms) = postSolution
		{4F313A1E-0F62-4242-8FFC-7666423BB184}.Debug|Any CPU.ActiveCfg = Debug|Any CPU
		{4F313A1E-0F62-4242-8FFC-7666423BB184}.Debug|Any CPU.Build.0 = Debug|Any CPU
		{4F313A1E-0F62-4242-8FFC-7666423BB184}.Release|Any CPU.ActiveCfg = Release|Any CPU
		{4F313A1E-0F62-4242-8FFC-7666423BB184}.Release|Any CPU.Build.0 = Release|Any CPU
		{7C6642C1-34A1-45DC-B18A-863093061980}.Debug|Any CPU.ActiveCfg = Debug|Any CPU
		{7C6642C1-34A1-45DC-B18A-863093061980}.Debug|Any CPU.Build.0 = Debug|Any CPU
		{7C6642C1-34A1-45DC-B18A-863093061980}.Release|Any CPU.ActiveCfg = Release|Any CPU
		{7C6642C1-34A1-45DC-B18A-863093061980}.Release|Any CPU.Build.0 = Release|Any CPU
		{4FA813AF-9967-4B4A-BCA4-9A8EAF8C864A}.Debug|Any CPU.ActiveCfg = Debug|Any CPU
		{4FA813AF-9967-4B4A-BCA4-9A8EAF8C864A}.Debug|Any CPU.Build.0 = Debug|Any CPU
		{4FA813AF-9967-4B4A-BCA4-9A8EAF8C864A}.Release|Any CPU.ActiveCfg = Release|Any CPU
		{4FA813AF-9967-4B4A-BCA4-9A8EAF8C864A}.Release|Any CPU.Build.0 = Release|Any CPU
		{5010705B-C20C-4704-9A48-DEAC3CE5E32D}.Debug|Any CPU.ActiveCfg = Debug|Any CPU
		{5010705B-C20C-4704-9A48-DEAC3CE5E32D}.Debug|Any CPU.Build.0 = Debug|Any CPU
		{5010705B-C20C-4704-9A48-DEAC3CE5E32D}.Release|Any CPU.ActiveCfg = Release|Any CPU
		{5010705B-C20C-4704-9A48-DEAC3CE5E32D}.Release|Any CPU.Build.0 = Release|Any CPU
	EndGlobalSection
	GlobalSection(SolutionProperties) = preSolution
		HideSolutionNode = FALSE
	EndGlobalSection
	GlobalSection(ExtensibilityGlobals) = postSolution
		SolutionGuid = {87AC6C02-12AC-49CE-B288-619871A816C5}
	EndGlobalSection
EndGlobal
